
Microsoft Visual Studio Solution File, Format Version 12.00
# Visual Studio Version 17
VisualStudioVersion = 17.5.33424.131
MinimumVisualStudioVersion = 10.0.40219.1
Project("{8BC9CEB8-8B4A-11D0-8D11-00A0C91BC942}") = "baekjoon(c++)", "baekjoon(c++)\baekjoon(c++).vcxproj", "{0EBB4E4E-51F6-40E2-AFE6-C967C66D5E9E}"
EndProject
Project("{8BC9CEB8-8B4A-11D0-8D11-00A0C91BC942}") = "1009", "1009\1009.vcxproj", "{809694D0-B22A-4D7D-B87C-365E2BEDD82E}"
EndProject
Project("{8BC9CEB8-8B4A-11D0-8D11-00A0C91BC942}") = "1756", "1756\1756.vcxproj", "{E427A718-6FF4-4850-A799-3F52C1F14E13}"
EndProject
Project("{8BC9CEB8-8B4A-11D0-8D11-00A0C91BC942}") = "2477", "2477\2477.vcxproj", "{DF89BF37-32C7-4B73-9EFD-EEE477358EB6}"
EndProject
Project("{8BC9CEB8-8B4A-11D0-8D11-00A0C91BC942}") = "11053", "11053\11053.vcxproj", "{076D4186-2A16-462E-9AD0-28A1FA103BC8}"
EndProject
Project("{8BC9CEB8-8B4A-11D0-8D11-00A0C91BC942}") = "1105", "1105\1105.vcxproj", "{2D589759-9C62-47D6-9649-11E98755C97A}"
EndProject
Project("{8BC9CEB8-8B4A-11D0-8D11-00A0C91BC942}") = "4963", "4963\4963.vcxproj", "{334F9AB3-A2F2-4E22-A437-583324BC3486}"
EndProject
Project("{8BC9CEB8-8B4A-11D0-8D11-00A0C91BC942}") = "18405", "18405\18405.vcxproj", "{61C79950-420B-49F8-942A-422FB398E12A}"
EndProject
Project("{8BC9CEB8-8B4A-11D0-8D11-00A0C91BC942}") = "1283", "1283\1283.vcxproj", "{6287F143-5DB4-4FC6-B61D-426C9F921B37}"
EndProject
Project("{8BC9CEB8-8B4A-11D0-8D11-00A0C91BC942}") = "16918", "16918\16918.vcxproj", "{99CE68FF-FDBC-44B4-816D-4F993D6DAD1D}"
EndProject
Project("{8BC9CEB8-8B4A-11D0-8D11-00A0C91BC942}") = "16680", "16680\16680.vcxproj", "{795BC4BA-A96A-40A7-82C5-A7C8230FAFA0}"
EndProject
Project("{8BC9CEB8-8B4A-11D0-8D11-00A0C91BC942}") = "9082", "9082\9082.vcxproj", "{5756D36B-B1C8-4950-888D-88F86A5DE7C1}"
EndProject
Project("{8BC9CEB8-8B4A-11D0-8D11-00A0C91BC942}") = "2293", "2293\2293.vcxproj", "{D99EA3CC-3002-425F-8BFB-444E1CE85E85}"
EndProject
Project("{8BC9CEB8-8B4A-11D0-8D11-00A0C91BC942}") = "2166", "2166\2166.vcxproj", "{4E2E7CA2-54DB-4823-9AF0-B05ECEA6C469}"
EndProject
Project("{8BC9CEB8-8B4A-11D0-8D11-00A0C91BC942}") = "9095", "9095\9095.vcxproj", "{826871FD-A096-4228-8D93-C9EB3DA9E93F}"
EndProject
Project("{8BC9CEB8-8B4A-11D0-8D11-00A0C91BC942}") = "1106", "1106\1106.vcxproj", "{242B58B9-C681-4794-8614-8E0B9C2EE71F}"
EndProject
Project("{8BC9CEB8-8B4A-11D0-8D11-00A0C91BC942}") = "10773", "10773\10773.vcxproj", "{F331CE77-0907-4FF8-BE0D-69F5834DFFD7}"
EndProject
Project("{8BC9CEB8-8B4A-11D0-8D11-00A0C91BC942}") = "4948", "4948\4948.vcxproj", "{739C196F-2544-4668-83B0-46761CDAABC9}"
EndProject
Project("{8BC9CEB8-8B4A-11D0-8D11-00A0C91BC942}") = "14889", "14889\14889.vcxproj", "{D26B4617-DFBB-46D8-A706-CC24CA23A7FC}"
EndProject
Project("{8BC9CEB8-8B4A-11D0-8D11-00A0C91BC942}") = "2096", "2096\2096.vcxproj", "{1F0A5E8E-81C4-42B1-9923-7514170285F4}"
EndProject
Project("{8BC9CEB8-8B4A-11D0-8D11-00A0C91BC942}") = "2531", "2531\2531.vcxproj", "{A79D7658-ADB1-46BD-901B-75507C3401F3}"
EndProject
Project("{8BC9CEB8-8B4A-11D0-8D11-00A0C91BC942}") = "1781", "1781\1781.vcxproj", "{15FBA0DF-7D0C-46C6-B06B-74F95F0A9741}"
EndProject
Project("{8BC9CEB8-8B4A-11D0-8D11-00A0C91BC942}") = "1946", "1946\1946.vcxproj", "{A4520505-2C90-43B2-9389-DF9D2E5CE7A1}"
EndProject
Project("{8BC9CEB8-8B4A-11D0-8D11-00A0C91BC942}") = "15729", "15729\15729.vcxproj", "{7DBDFBFE-85DE-492A-8FF7-8BF809C4AD47}"
EndProject
Project("{8BC9CEB8-8B4A-11D0-8D11-00A0C91BC942}") = "9012", "9012\9012.vcxproj", "{81F15021-04E0-4C6C-9413-18872C0FB59F}"
EndProject
Project("{8BC9CEB8-8B4A-11D0-8D11-00A0C91BC942}") = "1890", "1890\1890.vcxproj", "{79E0C18F-A7F1-4F38-B606-43AF8F27FFA3}"
EndProject
Project("{8BC9CEB8-8B4A-11D0-8D11-00A0C91BC942}") = "11559", "11559\11559.vcxproj", "{E9BD5EDF-2065-47BD-9CCF-94A30C81E594}"
EndProject
Project("{8BC9CEB8-8B4A-11D0-8D11-00A0C91BC942}") = "2910", "2910\2910.vcxproj", "{994AFE12-E5C8-4C7F-8797-0F091E059C57}"
EndProject
Project("{8BC9CEB8-8B4A-11D0-8D11-00A0C91BC942}") = "1100", "1100\1100.vcxproj", "{3CDDE23B-1291-48B1-BDBD-98D13127DB39}"
EndProject
Project("{8BC9CEB8-8B4A-11D0-8D11-00A0C91BC942}") = "1986", "1986\1986.vcxproj", "{472B7DA7-A758-42E3-8A99-1EE5607B135A}"
EndProject
Project("{8BC9CEB8-8B4A-11D0-8D11-00A0C91BC942}") = "1929", "1929\1929.vcxproj", "{7CE5FCFA-BF7F-4FE5-82CE-D055685472DA}"
EndProject
Project("{8BC9CEB8-8B4A-11D0-8D11-00A0C91BC942}") = "1158", "1158\1158.vcxproj", "{24C3C5DF-40BC-4F21-9179-7EAF49801082}"
EndProject
Project("{8BC9CEB8-8B4A-11D0-8D11-00A0C91BC942}") = "2579", "2579\2579.vcxproj", "{58C0A144-0329-4050-9E1F-C5E8C9A49557}"
EndProject
Project("{8BC9CEB8-8B4A-11D0-8D11-00A0C91BC942}") = "1463", "1463\1463.vcxproj", "{3ED1EB09-B87D-404E-B91A-700C6EDA653A}"
EndProject
Project("{8BC9CEB8-8B4A-11D0-8D11-00A0C91BC942}") = "2583", "2583\2583.vcxproj", "{958B9518-BD2D-40AD-9E63-A76E4E2633B9}"
EndProject
Project("{8BC9CEB8-8B4A-11D0-8D11-00A0C91BC942}") = "1339", "1339\1339.vcxproj", "{64F68214-0F01-4C69-8F94-542D9E6DE522}"
EndProject
Project("{8BC9CEB8-8B4A-11D0-8D11-00A0C91BC942}") = "1026", "1026\1026.vcxproj", "{AE3D20DB-43A2-44D2-A8DF-95780DD2B11B}"
EndProject
Project("{8BC9CEB8-8B4A-11D0-8D11-00A0C91BC942}") = "1149", "1149\1149.vcxproj", "{9502A3FF-2385-45C6-8E10-C95F2EC50D91}"
EndProject
Project("{8BC9CEB8-8B4A-11D0-8D11-00A0C91BC942}") = "2805", "2805\2805.vcxproj", "{B62073C0-D74B-4AAA-9A9C-4DAC1D783A29}"
EndProject
Project("{8BC9CEB8-8B4A-11D0-8D11-00A0C91BC942}") = "13335", "13335\13335.vcxproj", "{AB58D432-5E8A-4BE0-956D-C847B144D870}"
EndProject
Project("{8BC9CEB8-8B4A-11D0-8D11-00A0C91BC942}") = "1189", "1189\1189.vcxproj", "{45B72F28-0EE8-4C92-8028-88F103078869}"
EndProject
Project("{8BC9CEB8-8B4A-11D0-8D11-00A0C91BC942}") = "1303", "1303\1303.vcxproj", "{F82B6357-66DD-4B6C-A7E0-C253543854BA}"
EndProject
Project("{8BC9CEB8-8B4A-11D0-8D11-00A0C91BC942}") = "1132", "1132\1132.vcxproj", "{10F57169-1727-41FD-833D-792D6AB351FB}"
EndProject
Project("{8BC9CEB8-8B4A-11D0-8D11-00A0C91BC942}") = "1148", "1148\1148.vcxproj", "{C7146C66-A36A-4251-9F91-F4722E8C5767}"
EndProject
Project("{8BC9CEB8-8B4A-11D0-8D11-00A0C91BC942}") = "14502", "14502\14502.vcxproj", "{CC70308B-D1EC-400D-B0E4-17A07459E0F3}"
EndProject
Project("{8BC9CEB8-8B4A-11D0-8D11-00A0C91BC942}") = "1019", "1019\1019.vcxproj", "{5D8CE20A-56F4-48CB-BA40-0770609E0DF1}"
EndProject
Project("{8BC9CEB8-8B4A-11D0-8D11-00A0C91BC942}") = "1018", "1018\1018.vcxproj", "{5B1E4C24-70D3-46D1-8CA4-8170871870CE}"
EndProject
Project("{8BC9CEB8-8B4A-11D0-8D11-00A0C91BC942}") = "1240", "1240\1240.vcxproj", "{CA76BC7F-82C0-4D6F-A13F-D857BDD1D0CF}"
EndProject
Project("{8BC9CEB8-8B4A-11D0-8D11-00A0C91BC942}") = "1245", "1245\1245.vcxproj", "{F0DC911C-161F-415D-A769-945822615E54}"
EndProject
Project("{8BC9CEB8-8B4A-11D0-8D11-00A0C91BC942}") = "1260", "1260\1260.vcxproj", "{2CB74F02-16E5-4700-8410-6A9D42C2C42F}"
EndProject
Project("{8BC9CEB8-8B4A-11D0-8D11-00A0C91BC942}") = "1389", "1389\1389.vcxproj", "{37466C1A-1E71-4E63-96B9-B9CC90E706DE}"
EndProject
Project("{8BC9CEB8-8B4A-11D0-8D11-00A0C91BC942}") = "1013", "1013\1013.vcxproj", "{A95EC7A2-D100-4DA8-A6A9-E8EC2670C974}"
EndProject
Project("{8BC9CEB8-8B4A-11D0-8D11-00A0C91BC942}") = "1034", "1034\1034.vcxproj", "{7C77AD8F-ACD3-411C-B87E-506933966513}"
EndProject
Project("{8BC9CEB8-8B4A-11D0-8D11-00A0C91BC942}") = "1062", "1062\1062.vcxproj", "{F336EA4B-1014-47D3-B964-8F477964381B}"
EndProject
Project("{8BC9CEB8-8B4A-11D0-8D11-00A0C91BC942}") = "1759", "1759\1759.vcxproj", "{09701026-7D91-4BAF-971B-5F6DA158B133}"
EndProject
Project("{8BC9CEB8-8B4A-11D0-8D11-00A0C91BC942}") = "1038", "1038\1038.vcxproj", "{6EC90A65-D607-4F7B-A141-A43E13BBE68C}"
EndProject
Project("{8BC9CEB8-8B4A-11D0-8D11-00A0C91BC942}") = "1082", "1082\1082.vcxproj", "{C2CDA9C5-5CA1-4F9C-9F66-DAF3BB692FFD}"
EndProject
Project("{8BC9CEB8-8B4A-11D0-8D11-00A0C91BC942}") = "15645", "15645\15645.vcxproj", "{21B4F2C3-A2F9-430C-8E19-02694356F6F0}"
EndProject
Project("{8BC9CEB8-8B4A-11D0-8D11-00A0C91BC942}") = "16931", "16931\16931.vcxproj", "{16B04365-6AAC-4AC3-9812-E767099E107C}"
EndProject
Project("{8BC9CEB8-8B4A-11D0-8D11-00A0C91BC942}") = "1068", "1068\1068.vcxproj", "{F6E42715-8AC2-4306-88B0-D0BAFC57493B}"
EndProject
Global
	GlobalSection(SolutionConfigurationPlatforms) = preSolution
		Debug|x64 = Debug|x64
		Debug|x86 = Debug|x86
		Release|x64 = Release|x64
		Release|x86 = Release|x86
	EndGlobalSection
	GlobalSection(ProjectConfigurationPlatforms) = postSolution
		{0EBB4E4E-51F6-40E2-AFE6-C967C66D5E9E}.Debug|x64.ActiveCfg = Debug|x64
		{0EBB4E4E-51F6-40E2-AFE6-C967C66D5E9E}.Debug|x64.Build.0 = Debug|x64
		{0EBB4E4E-51F6-40E2-AFE6-C967C66D5E9E}.Debug|x86.ActiveCfg = Debug|Win32
		{0EBB4E4E-51F6-40E2-AFE6-C967C66D5E9E}.Debug|x86.Build.0 = Debug|Win32
		{0EBB4E4E-51F6-40E2-AFE6-C967C66D5E9E}.Release|x64.ActiveCfg = Release|x64
		{0EBB4E4E-51F6-40E2-AFE6-C967C66D5E9E}.Release|x64.Build.0 = Release|x64
		{0EBB4E4E-51F6-40E2-AFE6-C967C66D5E9E}.Release|x86.ActiveCfg = Release|Win32
		{0EBB4E4E-51F6-40E2-AFE6-C967C66D5E9E}.Release|x86.Build.0 = Release|Win32
		{809694D0-B22A-4D7D-B87C-365E2BEDD82E}.Debug|x64.ActiveCfg = Debug|x64
		{809694D0-B22A-4D7D-B87C-365E2BEDD82E}.Debug|x64.Build.0 = Debug|x64
		{809694D0-B22A-4D7D-B87C-365E2BEDD82E}.Debug|x86.ActiveCfg = Debug|Win32
		{809694D0-B22A-4D7D-B87C-365E2BEDD82E}.Debug|x86.Build.0 = Debug|Win32
		{809694D0-B22A-4D7D-B87C-365E2BEDD82E}.Release|x64.ActiveCfg = Release|x64
		{809694D0-B22A-4D7D-B87C-365E2BEDD82E}.Release|x64.Build.0 = Release|x64
		{809694D0-B22A-4D7D-B87C-365E2BEDD82E}.Release|x86.ActiveCfg = Release|Win32
		{809694D0-B22A-4D7D-B87C-365E2BEDD82E}.Release|x86.Build.0 = Release|Win32
		{E427A718-6FF4-4850-A799-3F52C1F14E13}.Debug|x64.ActiveCfg = Debug|x64
		{E427A718-6FF4-4850-A799-3F52C1F14E13}.Debug|x64.Build.0 = Debug|x64
		{E427A718-6FF4-4850-A799-3F52C1F14E13}.Debug|x86.ActiveCfg = Debug|Win32
		{E427A718-6FF4-4850-A799-3F52C1F14E13}.Debug|x86.Build.0 = Debug|Win32
		{E427A718-6FF4-4850-A799-3F52C1F14E13}.Release|x64.ActiveCfg = Release|x64
		{E427A718-6FF4-4850-A799-3F52C1F14E13}.Release|x64.Build.0 = Release|x64
		{E427A718-6FF4-4850-A799-3F52C1F14E13}.Release|x86.ActiveCfg = Release|Win32
		{E427A718-6FF4-4850-A799-3F52C1F14E13}.Release|x86.Build.0 = Release|Win32
		{DF89BF37-32C7-4B73-9EFD-EEE477358EB6}.Debug|x64.ActiveCfg = Debug|x64
		{DF89BF37-32C7-4B73-9EFD-EEE477358EB6}.Debug|x64.Build.0 = Debug|x64
		{DF89BF37-32C7-4B73-9EFD-EEE477358EB6}.Debug|x86.ActiveCfg = Debug|Win32
		{DF89BF37-32C7-4B73-9EFD-EEE477358EB6}.Debug|x86.Build.0 = Debug|Win32
		{DF89BF37-32C7-4B73-9EFD-EEE477358EB6}.Release|x64.ActiveCfg = Release|x64
		{DF89BF37-32C7-4B73-9EFD-EEE477358EB6}.Release|x64.Build.0 = Release|x64
		{DF89BF37-32C7-4B73-9EFD-EEE477358EB6}.Release|x86.ActiveCfg = Release|Win32
		{DF89BF37-32C7-4B73-9EFD-EEE477358EB6}.Release|x86.Build.0 = Release|Win32
		{076D4186-2A16-462E-9AD0-28A1FA103BC8}.Debug|x64.ActiveCfg = Debug|x64
		{076D4186-2A16-462E-9AD0-28A1FA103BC8}.Debug|x64.Build.0 = Debug|x64
		{076D4186-2A16-462E-9AD0-28A1FA103BC8}.Debug|x86.ActiveCfg = Debug|Win32
		{076D4186-2A16-462E-9AD0-28A1FA103BC8}.Debug|x86.Build.0 = Debug|Win32
		{076D4186-2A16-462E-9AD0-28A1FA103BC8}.Release|x64.ActiveCfg = Release|x64
		{076D4186-2A16-462E-9AD0-28A1FA103BC8}.Release|x64.Build.0 = Release|x64
		{076D4186-2A16-462E-9AD0-28A1FA103BC8}.Release|x86.ActiveCfg = Release|Win32
		{076D4186-2A16-462E-9AD0-28A1FA103BC8}.Release|x86.Build.0 = Release|Win32
		{2D589759-9C62-47D6-9649-11E98755C97A}.Debug|x64.ActiveCfg = Debug|x64
		{2D589759-9C62-47D6-9649-11E98755C97A}.Debug|x64.Build.0 = Debug|x64
		{2D589759-9C62-47D6-9649-11E98755C97A}.Debug|x86.ActiveCfg = Debug|Win32
		{2D589759-9C62-47D6-9649-11E98755C97A}.Debug|x86.Build.0 = Debug|Win32
		{2D589759-9C62-47D6-9649-11E98755C97A}.Release|x64.ActiveCfg = Release|x64
		{2D589759-9C62-47D6-9649-11E98755C97A}.Release|x64.Build.0 = Release|x64
		{2D589759-9C62-47D6-9649-11E98755C97A}.Release|x86.ActiveCfg = Release|Win32
		{2D589759-9C62-47D6-9649-11E98755C97A}.Release|x86.Build.0 = Release|Win32
		{334F9AB3-A2F2-4E22-A437-583324BC3486}.Debug|x64.ActiveCfg = Debug|x64
		{334F9AB3-A2F2-4E22-A437-583324BC3486}.Debug|x64.Build.0 = Debug|x64
		{334F9AB3-A2F2-4E22-A437-583324BC3486}.Debug|x86.ActiveCfg = Debug|Win32
		{334F9AB3-A2F2-4E22-A437-583324BC3486}.Debug|x86.Build.0 = Debug|Win32
		{334F9AB3-A2F2-4E22-A437-583324BC3486}.Release|x64.ActiveCfg = Release|x64
		{334F9AB3-A2F2-4E22-A437-583324BC3486}.Release|x64.Build.0 = Release|x64
		{334F9AB3-A2F2-4E22-A437-583324BC3486}.Release|x86.ActiveCfg = Release|Win32
		{334F9AB3-A2F2-4E22-A437-583324BC3486}.Release|x86.Build.0 = Release|Win32
		{61C79950-420B-49F8-942A-422FB398E12A}.Debug|x64.ActiveCfg = Debug|x64
		{61C79950-420B-49F8-942A-422FB398E12A}.Debug|x64.Build.0 = Debug|x64
		{61C79950-420B-49F8-942A-422FB398E12A}.Debug|x86.ActiveCfg = Debug|Win32
		{61C79950-420B-49F8-942A-422FB398E12A}.Debug|x86.Build.0 = Debug|Win32
		{61C79950-420B-49F8-942A-422FB398E12A}.Release|x64.ActiveCfg = Release|x64
		{61C79950-420B-49F8-942A-422FB398E12A}.Release|x64.Build.0 = Release|x64
		{61C79950-420B-49F8-942A-422FB398E12A}.Release|x86.ActiveCfg = Release|Win32
		{61C79950-420B-49F8-942A-422FB398E12A}.Release|x86.Build.0 = Release|Win32
		{6287F143-5DB4-4FC6-B61D-426C9F921B37}.Debug|x64.ActiveCfg = Debug|x64
		{6287F143-5DB4-4FC6-B61D-426C9F921B37}.Debug|x64.Build.0 = Debug|x64
		{6287F143-5DB4-4FC6-B61D-426C9F921B37}.Debug|x86.ActiveCfg = Debug|Win32
		{6287F143-5DB4-4FC6-B61D-426C9F921B37}.Debug|x86.Build.0 = Debug|Win32
		{6287F143-5DB4-4FC6-B61D-426C9F921B37}.Release|x64.ActiveCfg = Release|x64
		{6287F143-5DB4-4FC6-B61D-426C9F921B37}.Release|x64.Build.0 = Release|x64
		{6287F143-5DB4-4FC6-B61D-426C9F921B37}.Release|x86.ActiveCfg = Release|Win32
		{6287F143-5DB4-4FC6-B61D-426C9F921B37}.Release|x86.Build.0 = Release|Win32
		{99CE68FF-FDBC-44B4-816D-4F993D6DAD1D}.Debug|x64.ActiveCfg = Debug|x64
		{99CE68FF-FDBC-44B4-816D-4F993D6DAD1D}.Debug|x64.Build.0 = Debug|x64
		{99CE68FF-FDBC-44B4-816D-4F993D6DAD1D}.Debug|x86.ActiveCfg = Debug|Win32
		{99CE68FF-FDBC-44B4-816D-4F993D6DAD1D}.Debug|x86.Build.0 = Debug|Win32
		{99CE68FF-FDBC-44B4-816D-4F993D6DAD1D}.Release|x64.ActiveCfg = Release|x64
		{99CE68FF-FDBC-44B4-816D-4F993D6DAD1D}.Release|x64.Build.0 = Release|x64
		{99CE68FF-FDBC-44B4-816D-4F993D6DAD1D}.Release|x86.ActiveCfg = Release|Win32
		{99CE68FF-FDBC-44B4-816D-4F993D6DAD1D}.Release|x86.Build.0 = Release|Win32
		{795BC4BA-A96A-40A7-82C5-A7C8230FAFA0}.Debug|x64.ActiveCfg = Debug|x64
		{795BC4BA-A96A-40A7-82C5-A7C8230FAFA0}.Debug|x64.Build.0 = Debug|x64
		{795BC4BA-A96A-40A7-82C5-A7C8230FAFA0}.Debug|x86.ActiveCfg = Debug|Win32
		{795BC4BA-A96A-40A7-82C5-A7C8230FAFA0}.Debug|x86.Build.0 = Debug|Win32
		{795BC4BA-A96A-40A7-82C5-A7C8230FAFA0}.Release|x64.ActiveCfg = Release|x64
		{795BC4BA-A96A-40A7-82C5-A7C8230FAFA0}.Release|x64.Build.0 = Release|x64
		{795BC4BA-A96A-40A7-82C5-A7C8230FAFA0}.Release|x86.ActiveCfg = Release|Win32
		{795BC4BA-A96A-40A7-82C5-A7C8230FAFA0}.Release|x86.Build.0 = Release|Win32
		{5756D36B-B1C8-4950-888D-88F86A5DE7C1}.Debug|x64.ActiveCfg = Debug|x64
		{5756D36B-B1C8-4950-888D-88F86A5DE7C1}.Debug|x64.Build.0 = Debug|x64
		{5756D36B-B1C8-4950-888D-88F86A5DE7C1}.Debug|x86.ActiveCfg = Debug|Win32
		{5756D36B-B1C8-4950-888D-88F86A5DE7C1}.Debug|x86.Build.0 = Debug|Win32
		{5756D36B-B1C8-4950-888D-88F86A5DE7C1}.Release|x64.ActiveCfg = Release|x64
		{5756D36B-B1C8-4950-888D-88F86A5DE7C1}.Release|x64.Build.0 = Release|x64
		{5756D36B-B1C8-4950-888D-88F86A5DE7C1}.Release|x86.ActiveCfg = Release|Win32
		{5756D36B-B1C8-4950-888D-88F86A5DE7C1}.Release|x86.Build.0 = Release|Win32
		{D99EA3CC-3002-425F-8BFB-444E1CE85E85}.Debug|x64.ActiveCfg = Debug|x64
		{D99EA3CC-3002-425F-8BFB-444E1CE85E85}.Debug|x64.Build.0 = Debug|x64
		{D99EA3CC-3002-425F-8BFB-444E1CE85E85}.Debug|x86.ActiveCfg = Debug|Win32
		{D99EA3CC-3002-425F-8BFB-444E1CE85E85}.Debug|x86.Build.0 = Debug|Win32
		{D99EA3CC-3002-425F-8BFB-444E1CE85E85}.Release|x64.ActiveCfg = Release|x64
		{D99EA3CC-3002-425F-8BFB-444E1CE85E85}.Release|x64.Build.0 = Release|x64
		{D99EA3CC-3002-425F-8BFB-444E1CE85E85}.Release|x86.ActiveCfg = Release|Win32
		{D99EA3CC-3002-425F-8BFB-444E1CE85E85}.Release|x86.Build.0 = Release|Win32
		{4E2E7CA2-54DB-4823-9AF0-B05ECEA6C469}.Debug|x64.ActiveCfg = Debug|x64
		{4E2E7CA2-54DB-4823-9AF0-B05ECEA6C469}.Debug|x64.Build.0 = Debug|x64
		{4E2E7CA2-54DB-4823-9AF0-B05ECEA6C469}.Debug|x86.ActiveCfg = Debug|Win32
		{4E2E7CA2-54DB-4823-9AF0-B05ECEA6C469}.Debug|x86.Build.0 = Debug|Win32
		{4E2E7CA2-54DB-4823-9AF0-B05ECEA6C469}.Release|x64.ActiveCfg = Release|x64
		{4E2E7CA2-54DB-4823-9AF0-B05ECEA6C469}.Release|x64.Build.0 = Release|x64
		{4E2E7CA2-54DB-4823-9AF0-B05ECEA6C469}.Release|x86.ActiveCfg = Release|Win32
		{4E2E7CA2-54DB-4823-9AF0-B05ECEA6C469}.Release|x86.Build.0 = Release|Win32
		{826871FD-A096-4228-8D93-C9EB3DA9E93F}.Debug|x64.ActiveCfg = Debug|x64
		{826871FD-A096-4228-8D93-C9EB3DA9E93F}.Debug|x64.Build.0 = Debug|x64
		{826871FD-A096-4228-8D93-C9EB3DA9E93F}.Debug|x86.ActiveCfg = Debug|Win32
		{826871FD-A096-4228-8D93-C9EB3DA9E93F}.Debug|x86.Build.0 = Debug|Win32
		{826871FD-A096-4228-8D93-C9EB3DA9E93F}.Release|x64.ActiveCfg = Release|x64
		{826871FD-A096-4228-8D93-C9EB3DA9E93F}.Release|x64.Build.0 = Release|x64
		{826871FD-A096-4228-8D93-C9EB3DA9E93F}.Release|x86.ActiveCfg = Release|Win32
		{826871FD-A096-4228-8D93-C9EB3DA9E93F}.Release|x86.Build.0 = Release|Win32
		{242B58B9-C681-4794-8614-8E0B9C2EE71F}.Debug|x64.ActiveCfg = Debug|x64
		{242B58B9-C681-4794-8614-8E0B9C2EE71F}.Debug|x64.Build.0 = Debug|x64
		{242B58B9-C681-4794-8614-8E0B9C2EE71F}.Debug|x86.ActiveCfg = Debug|Win32
		{242B58B9-C681-4794-8614-8E0B9C2EE71F}.Debug|x86.Build.0 = Debug|Win32
		{242B58B9-C681-4794-8614-8E0B9C2EE71F}.Release|x64.ActiveCfg = Release|x64
		{242B58B9-C681-4794-8614-8E0B9C2EE71F}.Release|x64.Build.0 = Release|x64
		{242B58B9-C681-4794-8614-8E0B9C2EE71F}.Release|x86.ActiveCfg = Release|Win32
		{242B58B9-C681-4794-8614-8E0B9C2EE71F}.Release|x86.Build.0 = Release|Win32
		{F331CE77-0907-4FF8-BE0D-69F5834DFFD7}.Debug|x64.ActiveCfg = Debug|x64
		{F331CE77-0907-4FF8-BE0D-69F5834DFFD7}.Debug|x64.Build.0 = Debug|x64
		{F331CE77-0907-4FF8-BE0D-69F5834DFFD7}.Debug|x86.ActiveCfg = Debug|Win32
		{F331CE77-0907-4FF8-BE0D-69F5834DFFD7}.Debug|x86.Build.0 = Debug|Win32
		{F331CE77-0907-4FF8-BE0D-69F5834DFFD7}.Release|x64.ActiveCfg = Release|x64
		{F331CE77-0907-4FF8-BE0D-69F5834DFFD7}.Release|x64.Build.0 = Release|x64
		{F331CE77-0907-4FF8-BE0D-69F5834DFFD7}.Release|x86.ActiveCfg = Release|Win32
		{F331CE77-0907-4FF8-BE0D-69F5834DFFD7}.Release|x86.Build.0 = Release|Win32
		{739C196F-2544-4668-83B0-46761CDAABC9}.Debug|x64.ActiveCfg = Debug|x64
		{739C196F-2544-4668-83B0-46761CDAABC9}.Debug|x64.Build.0 = Debug|x64
		{739C196F-2544-4668-83B0-46761CDAABC9}.Debug|x86.ActiveCfg = Debug|Win32
		{739C196F-2544-4668-83B0-46761CDAABC9}.Debug|x86.Build.0 = Debug|Win32
		{739C196F-2544-4668-83B0-46761CDAABC9}.Release|x64.ActiveCfg = Release|x64
		{739C196F-2544-4668-83B0-46761CDAABC9}.Release|x64.Build.0 = Release|x64
		{739C196F-2544-4668-83B0-46761CDAABC9}.Release|x86.ActiveCfg = Release|Win32
		{739C196F-2544-4668-83B0-46761CDAABC9}.Release|x86.Build.0 = Release|Win32
		{D26B4617-DFBB-46D8-A706-CC24CA23A7FC}.Debug|x64.ActiveCfg = Debug|x64
		{D26B4617-DFBB-46D8-A706-CC24CA23A7FC}.Debug|x64.Build.0 = Debug|x64
		{D26B4617-DFBB-46D8-A706-CC24CA23A7FC}.Debug|x86.ActiveCfg = Debug|Win32
		{D26B4617-DFBB-46D8-A706-CC24CA23A7FC}.Debug|x86.Build.0 = Debug|Win32
		{D26B4617-DFBB-46D8-A706-CC24CA23A7FC}.Release|x64.ActiveCfg = Release|x64
		{D26B4617-DFBB-46D8-A706-CC24CA23A7FC}.Release|x64.Build.0 = Release|x64
		{D26B4617-DFBB-46D8-A706-CC24CA23A7FC}.Release|x86.ActiveCfg = Release|Win32
		{D26B4617-DFBB-46D8-A706-CC24CA23A7FC}.Release|x86.Build.0 = Release|Win32
		{1F0A5E8E-81C4-42B1-9923-7514170285F4}.Debug|x64.ActiveCfg = Debug|x64
		{1F0A5E8E-81C4-42B1-9923-7514170285F4}.Debug|x64.Build.0 = Debug|x64
		{1F0A5E8E-81C4-42B1-9923-7514170285F4}.Debug|x86.ActiveCfg = Debug|Win32
		{1F0A5E8E-81C4-42B1-9923-7514170285F4}.Debug|x86.Build.0 = Debug|Win32
		{1F0A5E8E-81C4-42B1-9923-7514170285F4}.Release|x64.ActiveCfg = Release|x64
		{1F0A5E8E-81C4-42B1-9923-7514170285F4}.Release|x64.Build.0 = Release|x64
		{1F0A5E8E-81C4-42B1-9923-7514170285F4}.Release|x86.ActiveCfg = Release|Win32
		{1F0A5E8E-81C4-42B1-9923-7514170285F4}.Release|x86.Build.0 = Release|Win32
		{A79D7658-ADB1-46BD-901B-75507C3401F3}.Debug|x64.ActiveCfg = Debug|x64
		{A79D7658-ADB1-46BD-901B-75507C3401F3}.Debug|x64.Build.0 = Debug|x64
		{A79D7658-ADB1-46BD-901B-75507C3401F3}.Debug|x86.ActiveCfg = Debug|Win32
		{A79D7658-ADB1-46BD-901B-75507C3401F3}.Debug|x86.Build.0 = Debug|Win32
		{A79D7658-ADB1-46BD-901B-75507C3401F3}.Release|x64.ActiveCfg = Release|x64
		{A79D7658-ADB1-46BD-901B-75507C3401F3}.Release|x64.Build.0 = Release|x64
		{A79D7658-ADB1-46BD-901B-75507C3401F3}.Release|x86.ActiveCfg = Release|Win32
		{A79D7658-ADB1-46BD-901B-75507C3401F3}.Release|x86.Build.0 = Release|Win32
		{15FBA0DF-7D0C-46C6-B06B-74F95F0A9741}.Debug|x64.ActiveCfg = Debug|x64
		{15FBA0DF-7D0C-46C6-B06B-74F95F0A9741}.Debug|x64.Build.0 = Debug|x64
		{15FBA0DF-7D0C-46C6-B06B-74F95F0A9741}.Debug|x86.ActiveCfg = Debug|Win32
		{15FBA0DF-7D0C-46C6-B06B-74F95F0A9741}.Debug|x86.Build.0 = Debug|Win32
		{15FBA0DF-7D0C-46C6-B06B-74F95F0A9741}.Release|x64.ActiveCfg = Release|x64
		{15FBA0DF-7D0C-46C6-B06B-74F95F0A9741}.Release|x64.Build.0 = Release|x64
		{15FBA0DF-7D0C-46C6-B06B-74F95F0A9741}.Release|x86.ActiveCfg = Release|Win32
		{15FBA0DF-7D0C-46C6-B06B-74F95F0A9741}.Release|x86.Build.0 = Release|Win32
		{A4520505-2C90-43B2-9389-DF9D2E5CE7A1}.Debug|x64.ActiveCfg = Debug|x64
		{A4520505-2C90-43B2-9389-DF9D2E5CE7A1}.Debug|x64.Build.0 = Debug|x64
		{A4520505-2C90-43B2-9389-DF9D2E5CE7A1}.Debug|x86.ActiveCfg = Debug|Win32
		{A4520505-2C90-43B2-9389-DF9D2E5CE7A1}.Debug|x86.Build.0 = Debug|Win32
		{A4520505-2C90-43B2-9389-DF9D2E5CE7A1}.Release|x64.ActiveCfg = Release|x64
		{A4520505-2C90-43B2-9389-DF9D2E5CE7A1}.Release|x64.Build.0 = Release|x64
		{A4520505-2C90-43B2-9389-DF9D2E5CE7A1}.Release|x86.ActiveCfg = Release|Win32
		{A4520505-2C90-43B2-9389-DF9D2E5CE7A1}.Release|x86.Build.0 = Release|Win32
		{7DBDFBFE-85DE-492A-8FF7-8BF809C4AD47}.Debug|x64.ActiveCfg = Debug|x64
		{7DBDFBFE-85DE-492A-8FF7-8BF809C4AD47}.Debug|x64.Build.0 = Debug|x64
		{7DBDFBFE-85DE-492A-8FF7-8BF809C4AD47}.Debug|x86.ActiveCfg = Debug|Win32
		{7DBDFBFE-85DE-492A-8FF7-8BF809C4AD47}.Debug|x86.Build.0 = Debug|Win32
		{7DBDFBFE-85DE-492A-8FF7-8BF809C4AD47}.Release|x64.ActiveCfg = Release|x64
		{7DBDFBFE-85DE-492A-8FF7-8BF809C4AD47}.Release|x64.Build.0 = Release|x64
		{7DBDFBFE-85DE-492A-8FF7-8BF809C4AD47}.Release|x86.ActiveCfg = Release|Win32
		{7DBDFBFE-85DE-492A-8FF7-8BF809C4AD47}.Release|x86.Build.0 = Release|Win32
		{81F15021-04E0-4C6C-9413-18872C0FB59F}.Debug|x64.ActiveCfg = Debug|x64
		{81F15021-04E0-4C6C-9413-18872C0FB59F}.Debug|x64.Build.0 = Debug|x64
		{81F15021-04E0-4C6C-9413-18872C0FB59F}.Debug|x86.ActiveCfg = Debug|Win32
		{81F15021-04E0-4C6C-9413-18872C0FB59F}.Debug|x86.Build.0 = Debug|Win32
		{81F15021-04E0-4C6C-9413-18872C0FB59F}.Release|x64.ActiveCfg = Release|x64
		{81F15021-04E0-4C6C-9413-18872C0FB59F}.Release|x64.Build.0 = Release|x64
		{81F15021-04E0-4C6C-9413-18872C0FB59F}.Release|x86.ActiveCfg = Release|Win32
		{81F15021-04E0-4C6C-9413-18872C0FB59F}.Release|x86.Build.0 = Release|Win32
		{79E0C18F-A7F1-4F38-B606-43AF8F27FFA3}.Debug|x64.ActiveCfg = Debug|x64
		{79E0C18F-A7F1-4F38-B606-43AF8F27FFA3}.Debug|x64.Build.0 = Debug|x64
		{79E0C18F-A7F1-4F38-B606-43AF8F27FFA3}.Debug|x86.ActiveCfg = Debug|Win32
		{79E0C18F-A7F1-4F38-B606-43AF8F27FFA3}.Debug|x86.Build.0 = Debug|Win32
		{79E0C18F-A7F1-4F38-B606-43AF8F27FFA3}.Release|x64.ActiveCfg = Release|x64
		{79E0C18F-A7F1-4F38-B606-43AF8F27FFA3}.Release|x64.Build.0 = Release|x64
		{79E0C18F-A7F1-4F38-B606-43AF8F27FFA3}.Release|x86.ActiveCfg = Release|Win32
		{79E0C18F-A7F1-4F38-B606-43AF8F27FFA3}.Release|x86.Build.0 = Release|Win32
		{E9BD5EDF-2065-47BD-9CCF-94A30C81E594}.Debug|x64.ActiveCfg = Debug|x64
		{E9BD5EDF-2065-47BD-9CCF-94A30C81E594}.Debug|x64.Build.0 = Debug|x64
		{E9BD5EDF-2065-47BD-9CCF-94A30C81E594}.Debug|x86.ActiveCfg = Debug|Win32
		{E9BD5EDF-2065-47BD-9CCF-94A30C81E594}.Debug|x86.Build.0 = Debug|Win32
		{E9BD5EDF-2065-47BD-9CCF-94A30C81E594}.Release|x64.ActiveCfg = Release|x64
		{E9BD5EDF-2065-47BD-9CCF-94A30C81E594}.Release|x64.Build.0 = Release|x64
		{E9BD5EDF-2065-47BD-9CCF-94A30C81E594}.Release|x86.ActiveCfg = Release|Win32
		{E9BD5EDF-2065-47BD-9CCF-94A30C81E594}.Release|x86.Build.0 = Release|Win32
		{994AFE12-E5C8-4C7F-8797-0F091E059C57}.Debug|x64.ActiveCfg = Debug|x64
		{994AFE12-E5C8-4C7F-8797-0F091E059C57}.Debug|x64.Build.0 = Debug|x64
		{994AFE12-E5C8-4C7F-8797-0F091E059C57}.Debug|x86.ActiveCfg = Debug|Win32
		{994AFE12-E5C8-4C7F-8797-0F091E059C57}.Debug|x86.Build.0 = Debug|Win32
		{994AFE12-E5C8-4C7F-8797-0F091E059C57}.Release|x64.ActiveCfg = Release|x64
		{994AFE12-E5C8-4C7F-8797-0F091E059C57}.Release|x64.Build.0 = Release|x64
		{994AFE12-E5C8-4C7F-8797-0F091E059C57}.Release|x86.ActiveCfg = Release|Win32
		{994AFE12-E5C8-4C7F-8797-0F091E059C57}.Release|x86.Build.0 = Release|Win32
		{3CDDE23B-1291-48B1-BDBD-98D13127DB39}.Debug|x64.ActiveCfg = Debug|x64
		{3CDDE23B-1291-48B1-BDBD-98D13127DB39}.Debug|x64.Build.0 = Debug|x64
		{3CDDE23B-1291-48B1-BDBD-98D13127DB39}.Debug|x86.ActiveCfg = Debug|Win32
		{3CDDE23B-1291-48B1-BDBD-98D13127DB39}.Debug|x86.Build.0 = Debug|Win32
		{3CDDE23B-1291-48B1-BDBD-98D13127DB39}.Release|x64.ActiveCfg = Release|x64
		{3CDDE23B-1291-48B1-BDBD-98D13127DB39}.Release|x64.Build.0 = Release|x64
		{3CDDE23B-1291-48B1-BDBD-98D13127DB39}.Release|x86.ActiveCfg = Release|Win32
		{3CDDE23B-1291-48B1-BDBD-98D13127DB39}.Release|x86.Build.0 = Release|Win32
		{472B7DA7-A758-42E3-8A99-1EE5607B135A}.Debug|x64.ActiveCfg = Debug|x64
		{472B7DA7-A758-42E3-8A99-1EE5607B135A}.Debug|x64.Build.0 = Debug|x64
		{472B7DA7-A758-42E3-8A99-1EE5607B135A}.Debug|x86.ActiveCfg = Debug|Win32
		{472B7DA7-A758-42E3-8A99-1EE5607B135A}.Debug|x86.Build.0 = Debug|Win32
		{472B7DA7-A758-42E3-8A99-1EE5607B135A}.Release|x64.ActiveCfg = Release|x64
		{472B7DA7-A758-42E3-8A99-1EE5607B135A}.Release|x64.Build.0 = Release|x64
		{472B7DA7-A758-42E3-8A99-1EE5607B135A}.Release|x86.ActiveCfg = Release|Win32
		{472B7DA7-A758-42E3-8A99-1EE5607B135A}.Release|x86.Build.0 = Release|Win32
		{7CE5FCFA-BF7F-4FE5-82CE-D055685472DA}.Debug|x64.ActiveCfg = Debug|x64
		{7CE5FCFA-BF7F-4FE5-82CE-D055685472DA}.Debug|x64.Build.0 = Debug|x64
		{7CE5FCFA-BF7F-4FE5-82CE-D055685472DA}.Debug|x86.ActiveCfg = Debug|Win32
		{7CE5FCFA-BF7F-4FE5-82CE-D055685472DA}.Debug|x86.Build.0 = Debug|Win32
		{7CE5FCFA-BF7F-4FE5-82CE-D055685472DA}.Release|x64.ActiveCfg = Release|x64
		{7CE5FCFA-BF7F-4FE5-82CE-D055685472DA}.Release|x64.Build.0 = Release|x64
		{7CE5FCFA-BF7F-4FE5-82CE-D055685472DA}.Release|x86.ActiveCfg = Release|Win32
		{7CE5FCFA-BF7F-4FE5-82CE-D055685472DA}.Release|x86.Build.0 = Release|Win32
		{24C3C5DF-40BC-4F21-9179-7EAF49801082}.Debug|x64.ActiveCfg = Debug|x64
		{24C3C5DF-40BC-4F21-9179-7EAF49801082}.Debug|x64.Build.0 = Debug|x64
		{24C3C5DF-40BC-4F21-9179-7EAF49801082}.Debug|x86.ActiveCfg = Debug|Win32
		{24C3C5DF-40BC-4F21-9179-7EAF49801082}.Debug|x86.Build.0 = Debug|Win32
		{24C3C5DF-40BC-4F21-9179-7EAF49801082}.Release|x64.ActiveCfg = Release|x64
		{24C3C5DF-40BC-4F21-9179-7EAF49801082}.Release|x64.Build.0 = Release|x64
		{24C3C5DF-40BC-4F21-9179-7EAF49801082}.Release|x86.ActiveCfg = Release|Win32
		{24C3C5DF-40BC-4F21-9179-7EAF49801082}.Release|x86.Build.0 = Release|Win32
		{58C0A144-0329-4050-9E1F-C5E8C9A49557}.Debug|x64.ActiveCfg = Debug|x64
		{58C0A144-0329-4050-9E1F-C5E8C9A49557}.Debug|x64.Build.0 = Debug|x64
		{58C0A144-0329-4050-9E1F-C5E8C9A49557}.Debug|x86.ActiveCfg = Debug|Win32
		{58C0A144-0329-4050-9E1F-C5E8C9A49557}.Debug|x86.Build.0 = Debug|Win32
		{58C0A144-0329-4050-9E1F-C5E8C9A49557}.Release|x64.ActiveCfg = Release|x64
		{58C0A144-0329-4050-9E1F-C5E8C9A49557}.Release|x64.Build.0 = Release|x64
		{58C0A144-0329-4050-9E1F-C5E8C9A49557}.Release|x86.ActiveCfg = Release|Win32
		{58C0A144-0329-4050-9E1F-C5E8C9A49557}.Release|x86.Build.0 = Release|Win32
		{3ED1EB09-B87D-404E-B91A-700C6EDA653A}.Debug|x64.ActiveCfg = Debug|x64
		{3ED1EB09-B87D-404E-B91A-700C6EDA653A}.Debug|x64.Build.0 = Debug|x64
		{3ED1EB09-B87D-404E-B91A-700C6EDA653A}.Debug|x86.ActiveCfg = Debug|Win32
		{3ED1EB09-B87D-404E-B91A-700C6EDA653A}.Debug|x86.Build.0 = Debug|Win32
		{3ED1EB09-B87D-404E-B91A-700C6EDA653A}.Release|x64.ActiveCfg = Release|x64
		{3ED1EB09-B87D-404E-B91A-700C6EDA653A}.Release|x64.Build.0 = Release|x64
		{3ED1EB09-B87D-404E-B91A-700C6EDA653A}.Release|x86.ActiveCfg = Release|Win32
		{3ED1EB09-B87D-404E-B91A-700C6EDA653A}.Release|x86.Build.0 = Release|Win32
		{958B9518-BD2D-40AD-9E63-A76E4E2633B9}.Debug|x64.ActiveCfg = Debug|x64
		{958B9518-BD2D-40AD-9E63-A76E4E2633B9}.Debug|x64.Build.0 = Debug|x64
		{958B9518-BD2D-40AD-9E63-A76E4E2633B9}.Debug|x86.ActiveCfg = Debug|Win32
		{958B9518-BD2D-40AD-9E63-A76E4E2633B9}.Debug|x86.Build.0 = Debug|Win32
		{958B9518-BD2D-40AD-9E63-A76E4E2633B9}.Release|x64.ActiveCfg = Release|x64
		{958B9518-BD2D-40AD-9E63-A76E4E2633B9}.Release|x64.Build.0 = Release|x64
		{958B9518-BD2D-40AD-9E63-A76E4E2633B9}.Release|x86.ActiveCfg = Release|Win32
		{958B9518-BD2D-40AD-9E63-A76E4E2633B9}.Release|x86.Build.0 = Release|Win32
		{64F68214-0F01-4C69-8F94-542D9E6DE522}.Debug|x64.ActiveCfg = Debug|x64
		{64F68214-0F01-4C69-8F94-542D9E6DE522}.Debug|x64.Build.0 = Debug|x64
		{64F68214-0F01-4C69-8F94-542D9E6DE522}.Debug|x86.ActiveCfg = Debug|Win32
		{64F68214-0F01-4C69-8F94-542D9E6DE522}.Debug|x86.Build.0 = Debug|Win32
		{64F68214-0F01-4C69-8F94-542D9E6DE522}.Release|x64.ActiveCfg = Release|x64
		{64F68214-0F01-4C69-8F94-542D9E6DE522}.Release|x64.Build.0 = Release|x64
		{64F68214-0F01-4C69-8F94-542D9E6DE522}.Release|x86.ActiveCfg = Release|Win32
		{64F68214-0F01-4C69-8F94-542D9E6DE522}.Release|x86.Build.0 = Release|Win32
		{AE3D20DB-43A2-44D2-A8DF-95780DD2B11B}.Debug|x64.ActiveCfg = Debug|x64
		{AE3D20DB-43A2-44D2-A8DF-95780DD2B11B}.Debug|x64.Build.0 = Debug|x64
		{AE3D20DB-43A2-44D2-A8DF-95780DD2B11B}.Debug|x86.ActiveCfg = Debug|Win32
		{AE3D20DB-43A2-44D2-A8DF-95780DD2B11B}.Debug|x86.Build.0 = Debug|Win32
		{AE3D20DB-43A2-44D2-A8DF-95780DD2B11B}.Release|x64.ActiveCfg = Release|x64
		{AE3D20DB-43A2-44D2-A8DF-95780DD2B11B}.Release|x64.Build.0 = Release|x64
		{AE3D20DB-43A2-44D2-A8DF-95780DD2B11B}.Release|x86.ActiveCfg = Release|Win32
		{AE3D20DB-43A2-44D2-A8DF-95780DD2B11B}.Release|x86.Build.0 = Release|Win32
		{9502A3FF-2385-45C6-8E10-C95F2EC50D91}.Debug|x64.ActiveCfg = Debug|x64
		{9502A3FF-2385-45C6-8E10-C95F2EC50D91}.Debug|x64.Build.0 = Debug|x64
		{9502A3FF-2385-45C6-8E10-C95F2EC50D91}.Debug|x86.ActiveCfg = Debug|Win32
		{9502A3FF-2385-45C6-8E10-C95F2EC50D91}.Debug|x86.Build.0 = Debug|Win32
		{9502A3FF-2385-45C6-8E10-C95F2EC50D91}.Release|x64.ActiveCfg = Release|x64
		{9502A3FF-2385-45C6-8E10-C95F2EC50D91}.Release|x64.Build.0 = Release|x64
		{9502A3FF-2385-45C6-8E10-C95F2EC50D91}.Release|x86.ActiveCfg = Release|Win32
		{9502A3FF-2385-45C6-8E10-C95F2EC50D91}.Release|x86.Build.0 = Release|Win32
		{B62073C0-D74B-4AAA-9A9C-4DAC1D783A29}.Debug|x64.ActiveCfg = Debug|x64
		{B62073C0-D74B-4AAA-9A9C-4DAC1D783A29}.Debug|x64.Build.0 = Debug|x64
		{B62073C0-D74B-4AAA-9A9C-4DAC1D783A29}.Debug|x86.ActiveCfg = Debug|Win32
		{B62073C0-D74B-4AAA-9A9C-4DAC1D783A29}.Debug|x86.Build.0 = Debug|Win32
		{B62073C0-D74B-4AAA-9A9C-4DAC1D783A29}.Release|x64.ActiveCfg = Release|x64
		{B62073C0-D74B-4AAA-9A9C-4DAC1D783A29}.Release|x64.Build.0 = Release|x64
		{B62073C0-D74B-4AAA-9A9C-4DAC1D783A29}.Release|x86.ActiveCfg = Release|Win32
		{B62073C0-D74B-4AAA-9A9C-4DAC1D783A29}.Release|x86.Build.0 = Release|Win32
		{AB58D432-5E8A-4BE0-956D-C847B144D870}.Debug|x64.ActiveCfg = Debug|x64
		{AB58D432-5E8A-4BE0-956D-C847B144D870}.Debug|x64.Build.0 = Debug|x64
		{AB58D432-5E8A-4BE0-956D-C847B144D870}.Debug|x86.ActiveCfg = Debug|Win32
		{AB58D432-5E8A-4BE0-956D-C847B144D870}.Debug|x86.Build.0 = Debug|Win32
		{AB58D432-5E8A-4BE0-956D-C847B144D870}.Release|x64.ActiveCfg = Release|x64
		{AB58D432-5E8A-4BE0-956D-C847B144D870}.Release|x64.Build.0 = Release|x64
		{AB58D432-5E8A-4BE0-956D-C847B144D870}.Release|x86.ActiveCfg = Release|Win32
		{AB58D432-5E8A-4BE0-956D-C847B144D870}.Release|x86.Build.0 = Release|Win32
		{45B72F28-0EE8-4C92-8028-88F103078869}.Debug|x64.ActiveCfg = Debug|x64
		{45B72F28-0EE8-4C92-8028-88F103078869}.Debug|x64.Build.0 = Debug|x64
		{45B72F28-0EE8-4C92-8028-88F103078869}.Debug|x86.ActiveCfg = Debug|Win32
		{45B72F28-0EE8-4C92-8028-88F103078869}.Debug|x86.Build.0 = Debug|Win32
		{45B72F28-0EE8-4C92-8028-88F103078869}.Release|x64.ActiveCfg = Release|x64
		{45B72F28-0EE8-4C92-8028-88F103078869}.Release|x64.Build.0 = Release|x64
		{45B72F28-0EE8-4C92-8028-88F103078869}.Release|x86.ActiveCfg = Release|Win32
		{45B72F28-0EE8-4C92-8028-88F103078869}.Release|x86.Build.0 = Release|Win32
		{F82B6357-66DD-4B6C-A7E0-C253543854BA}.Debug|x64.ActiveCfg = Debug|x64
		{F82B6357-66DD-4B6C-A7E0-C253543854BA}.Debug|x64.Build.0 = Debug|x64
		{F82B6357-66DD-4B6C-A7E0-C253543854BA}.Debug|x86.ActiveCfg = Debug|Win32
		{F82B6357-66DD-4B6C-A7E0-C253543854BA}.Debug|x86.Build.0 = Debug|Win32
		{F82B6357-66DD-4B6C-A7E0-C253543854BA}.Release|x64.ActiveCfg = Release|x64
		{F82B6357-66DD-4B6C-A7E0-C253543854BA}.Release|x64.Build.0 = Release|x64
		{F82B6357-66DD-4B6C-A7E0-C253543854BA}.Release|x86.ActiveCfg = Release|Win32
		{F82B6357-66DD-4B6C-A7E0-C253543854BA}.Release|x86.Build.0 = Release|Win32
		{10F57169-1727-41FD-833D-792D6AB351FB}.Debug|x64.ActiveCfg = Debug|x64
		{10F57169-1727-41FD-833D-792D6AB351FB}.Debug|x64.Build.0 = Debug|x64
		{10F57169-1727-41FD-833D-792D6AB351FB}.Debug|x86.ActiveCfg = Debug|Win32
		{10F57169-1727-41FD-833D-792D6AB351FB}.Debug|x86.Build.0 = Debug|Win32
		{10F57169-1727-41FD-833D-792D6AB351FB}.Release|x64.ActiveCfg = Release|x64
		{10F57169-1727-41FD-833D-792D6AB351FB}.Release|x64.Build.0 = Release|x64
		{10F57169-1727-41FD-833D-792D6AB351FB}.Release|x86.ActiveCfg = Release|Win32
		{10F57169-1727-41FD-833D-792D6AB351FB}.Release|x86.Build.0 = Release|Win32
		{C7146C66-A36A-4251-9F91-F4722E8C5767}.Debug|x64.ActiveCfg = Debug|x64
		{C7146C66-A36A-4251-9F91-F4722E8C5767}.Debug|x64.Build.0 = Debug|x64
		{C7146C66-A36A-4251-9F91-F4722E8C5767}.Debug|x86.ActiveCfg = Debug|Win32
		{C7146C66-A36A-4251-9F91-F4722E8C5767}.Debug|x86.Build.0 = Debug|Win32
		{C7146C66-A36A-4251-9F91-F4722E8C5767}.Release|x64.ActiveCfg = Release|x64
		{C7146C66-A36A-4251-9F91-F4722E8C5767}.Release|x64.Build.0 = Release|x64
		{C7146C66-A36A-4251-9F91-F4722E8C5767}.Release|x86.ActiveCfg = Release|Win32
		{C7146C66-A36A-4251-9F91-F4722E8C5767}.Release|x86.Build.0 = Release|Win32
		{CC70308B-D1EC-400D-B0E4-17A07459E0F3}.Debug|x64.ActiveCfg = Debug|x64
		{CC70308B-D1EC-400D-B0E4-17A07459E0F3}.Debug|x64.Build.0 = Debug|x64
		{CC70308B-D1EC-400D-B0E4-17A07459E0F3}.Debug|x86.ActiveCfg = Debug|Win32
		{CC70308B-D1EC-400D-B0E4-17A07459E0F3}.Debug|x86.Build.0 = Debug|Win32
		{CC70308B-D1EC-400D-B0E4-17A07459E0F3}.Release|x64.ActiveCfg = Release|x64
		{CC70308B-D1EC-400D-B0E4-17A07459E0F3}.Release|x64.Build.0 = Release|x64
		{CC70308B-D1EC-400D-B0E4-17A07459E0F3}.Release|x86.ActiveCfg = Release|Win32
		{CC70308B-D1EC-400D-B0E4-17A07459E0F3}.Release|x86.Build.0 = Release|Win32
		{5D8CE20A-56F4-48CB-BA40-0770609E0DF1}.Debug|x64.ActiveCfg = Debug|x64
		{5D8CE20A-56F4-48CB-BA40-0770609E0DF1}.Debug|x64.Build.0 = Debug|x64
		{5D8CE20A-56F4-48CB-BA40-0770609E0DF1}.Debug|x86.ActiveCfg = Debug|Win32
		{5D8CE20A-56F4-48CB-BA40-0770609E0DF1}.Debug|x86.Build.0 = Debug|Win32
		{5D8CE20A-56F4-48CB-BA40-0770609E0DF1}.Release|x64.ActiveCfg = Release|x64
		{5D8CE20A-56F4-48CB-BA40-0770609E0DF1}.Release|x64.Build.0 = Release|x64
		{5D8CE20A-56F4-48CB-BA40-0770609E0DF1}.Release|x86.ActiveCfg = Release|Win32
		{5D8CE20A-56F4-48CB-BA40-0770609E0DF1}.Release|x86.Build.0 = Release|Win32
		{5B1E4C24-70D3-46D1-8CA4-8170871870CE}.Debug|x64.ActiveCfg = Debug|x64
		{5B1E4C24-70D3-46D1-8CA4-8170871870CE}.Debug|x64.Build.0 = Debug|x64
		{5B1E4C24-70D3-46D1-8CA4-8170871870CE}.Debug|x86.ActiveCfg = Debug|Win32
		{5B1E4C24-70D3-46D1-8CA4-8170871870CE}.Debug|x86.Build.0 = Debug|Win32
		{5B1E4C24-70D3-46D1-8CA4-8170871870CE}.Release|x64.ActiveCfg = Release|x64
		{5B1E4C24-70D3-46D1-8CA4-8170871870CE}.Release|x64.Build.0 = Release|x64
		{5B1E4C24-70D3-46D1-8CA4-8170871870CE}.Release|x86.ActiveCfg = Release|Win32
		{5B1E4C24-70D3-46D1-8CA4-8170871870CE}.Release|x86.Build.0 = Release|Win32
		{CA76BC7F-82C0-4D6F-A13F-D857BDD1D0CF}.Debug|x64.ActiveCfg = Debug|x64
		{CA76BC7F-82C0-4D6F-A13F-D857BDD1D0CF}.Debug|x64.Build.0 = Debug|x64
		{CA76BC7F-82C0-4D6F-A13F-D857BDD1D0CF}.Debug|x86.ActiveCfg = Debug|Win32
		{CA76BC7F-82C0-4D6F-A13F-D857BDD1D0CF}.Debug|x86.Build.0 = Debug|Win32
		{CA76BC7F-82C0-4D6F-A13F-D857BDD1D0CF}.Release|x64.ActiveCfg = Release|x64
		{CA76BC7F-82C0-4D6F-A13F-D857BDD1D0CF}.Release|x64.Build.0 = Release|x64
		{CA76BC7F-82C0-4D6F-A13F-D857BDD1D0CF}.Release|x86.ActiveCfg = Release|Win32
		{CA76BC7F-82C0-4D6F-A13F-D857BDD1D0CF}.Release|x86.Build.0 = Release|Win32
		{F0DC911C-161F-415D-A769-945822615E54}.Debug|x64.ActiveCfg = Debug|x64
		{F0DC911C-161F-415D-A769-945822615E54}.Debug|x64.Build.0 = Debug|x64
		{F0DC911C-161F-415D-A769-945822615E54}.Debug|x86.ActiveCfg = Debug|Win32
		{F0DC911C-161F-415D-A769-945822615E54}.Debug|x86.Build.0 = Debug|Win32
		{F0DC911C-161F-415D-A769-945822615E54}.Release|x64.ActiveCfg = Release|x64
		{F0DC911C-161F-415D-A769-945822615E54}.Release|x64.Build.0 = Release|x64
		{F0DC911C-161F-415D-A769-945822615E54}.Release|x86.ActiveCfg = Release|Win32
		{F0DC911C-161F-415D-A769-945822615E54}.Release|x86.Build.0 = Release|Win32
		{2CB74F02-16E5-4700-8410-6A9D42C2C42F}.Debug|x64.ActiveCfg = Debug|x64
		{2CB74F02-16E5-4700-8410-6A9D42C2C42F}.Debug|x64.Build.0 = Debug|x64
		{2CB74F02-16E5-4700-8410-6A9D42C2C42F}.Debug|x86.ActiveCfg = Debug|Win32
		{2CB74F02-16E5-4700-8410-6A9D42C2C42F}.Debug|x86.Build.0 = Debug|Win32
		{2CB74F02-16E5-4700-8410-6A9D42C2C42F}.Release|x64.ActiveCfg = Release|x64
		{2CB74F02-16E5-4700-8410-6A9D42C2C42F}.Release|x64.Build.0 = Release|x64
		{2CB74F02-16E5-4700-8410-6A9D42C2C42F}.Release|x86.ActiveCfg = Release|Win32
		{2CB74F02-16E5-4700-8410-6A9D42C2C42F}.Release|x86.Build.0 = Release|Win32
		{37466C1A-1E71-4E63-96B9-B9CC90E706DE}.Debug|x64.ActiveCfg = Debug|x64
		{37466C1A-1E71-4E63-96B9-B9CC90E706DE}.Debug|x64.Build.0 = Debug|x64
		{37466C1A-1E71-4E63-96B9-B9CC90E706DE}.Debug|x86.ActiveCfg = Debug|Win32
		{37466C1A-1E71-4E63-96B9-B9CC90E706DE}.Debug|x86.Build.0 = Debug|Win32
		{37466C1A-1E71-4E63-96B9-B9CC90E706DE}.Release|x64.ActiveCfg = Release|x64
		{37466C1A-1E71-4E63-96B9-B9CC90E706DE}.Release|x64.Build.0 = Release|x64
		{37466C1A-1E71-4E63-96B9-B9CC90E706DE}.Release|x86.ActiveCfg = Release|Win32
		{37466C1A-1E71-4E63-96B9-B9CC90E706DE}.Release|x86.Build.0 = Release|Win32
		{A95EC7A2-D100-4DA8-A6A9-E8EC2670C974}.Debug|x64.ActiveCfg = Debug|x64
		{A95EC7A2-D100-4DA8-A6A9-E8EC2670C974}.Debug|x64.Build.0 = Debug|x64
		{A95EC7A2-D100-4DA8-A6A9-E8EC2670C974}.Debug|x86.ActiveCfg = Debug|Win32
		{A95EC7A2-D100-4DA8-A6A9-E8EC2670C974}.Debug|x86.Build.0 = Debug|Win32
		{A95EC7A2-D100-4DA8-A6A9-E8EC2670C974}.Release|x64.ActiveCfg = Release|x64
		{A95EC7A2-D100-4DA8-A6A9-E8EC2670C974}.Release|x64.Build.0 = Release|x64
		{A95EC7A2-D100-4DA8-A6A9-E8EC2670C974}.Release|x86.ActiveCfg = Release|Win32
		{A95EC7A2-D100-4DA8-A6A9-E8EC2670C974}.Release|x86.Build.0 = Release|Win32
		{7C77AD8F-ACD3-411C-B87E-506933966513}.Debug|x64.ActiveCfg = Debug|x64
		{7C77AD8F-ACD3-411C-B87E-506933966513}.Debug|x64.Build.0 = Debug|x64
		{7C77AD8F-ACD3-411C-B87E-506933966513}.Debug|x86.ActiveCfg = Debug|Win32
		{7C77AD8F-ACD3-411C-B87E-506933966513}.Debug|x86.Build.0 = Debug|Win32
		{7C77AD8F-ACD3-411C-B87E-506933966513}.Release|x64.ActiveCfg = Release|x64
		{7C77AD8F-ACD3-411C-B87E-506933966513}.Release|x64.Build.0 = Release|x64
		{7C77AD8F-ACD3-411C-B87E-506933966513}.Release|x86.ActiveCfg = Release|Win32
		{7C77AD8F-ACD3-411C-B87E-506933966513}.Release|x86.Build.0 = Release|Win32
		{F336EA4B-1014-47D3-B964-8F477964381B}.Debug|x64.ActiveCfg = Debug|x64
		{F336EA4B-1014-47D3-B964-8F477964381B}.Debug|x64.Build.0 = Debug|x64
		{F336EA4B-1014-47D3-B964-8F477964381B}.Debug|x86.ActiveCfg = Debug|Win32
		{F336EA4B-1014-47D3-B964-8F477964381B}.Debug|x86.Build.0 = Debug|Win32
		{F336EA4B-1014-47D3-B964-8F477964381B}.Release|x64.ActiveCfg = Release|x64
		{F336EA4B-1014-47D3-B964-8F477964381B}.Release|x64.Build.0 = Release|x64
		{F336EA4B-1014-47D3-B964-8F477964381B}.Release|x86.ActiveCfg = Release|Win32
		{F336EA4B-1014-47D3-B964-8F477964381B}.Release|x86.Build.0 = Release|Win32
		{09701026-7D91-4BAF-971B-5F6DA158B133}.Debug|x64.ActiveCfg = Debug|x64
		{09701026-7D91-4BAF-971B-5F6DA158B133}.Debug|x64.Build.0 = Debug|x64
		{09701026-7D91-4BAF-971B-5F6DA158B133}.Debug|x86.ActiveCfg = Debug|Win32
		{09701026-7D91-4BAF-971B-5F6DA158B133}.Debug|x86.Build.0 = Debug|Win32
		{09701026-7D91-4BAF-971B-5F6DA158B133}.Release|x64.ActiveCfg = Release|x64
		{09701026-7D91-4BAF-971B-5F6DA158B133}.Release|x64.Build.0 = Release|x64
		{09701026-7D91-4BAF-971B-5F6DA158B133}.Release|x86.ActiveCfg = Release|Win32
		{09701026-7D91-4BAF-971B-5F6DA158B133}.Release|x86.Build.0 = Release|Win32
		{6EC90A65-D607-4F7B-A141-A43E13BBE68C}.Debug|x64.ActiveCfg = Debug|x64
		{6EC90A65-D607-4F7B-A141-A43E13BBE68C}.Debug|x64.Build.0 = Debug|x64
		{6EC90A65-D607-4F7B-A141-A43E13BBE68C}.Debug|x86.ActiveCfg = Debug|Win32
		{6EC90A65-D607-4F7B-A141-A43E13BBE68C}.Debug|x86.Build.0 = Debug|Win32
		{6EC90A65-D607-4F7B-A141-A43E13BBE68C}.Release|x64.ActiveCfg = Release|x64
		{6EC90A65-D607-4F7B-A141-A43E13BBE68C}.Release|x64.Build.0 = Release|x64
		{6EC90A65-D607-4F7B-A141-A43E13BBE68C}.Release|x86.ActiveCfg = Release|Win32
		{6EC90A65-D607-4F7B-A141-A43E13BBE68C}.Release|x86.Build.0 = Release|Win32
		{C2CDA9C5-5CA1-4F9C-9F66-DAF3BB692FFD}.Debug|x64.ActiveCfg = Debug|x64
		{C2CDA9C5-5CA1-4F9C-9F66-DAF3BB692FFD}.Debug|x64.Build.0 = Debug|x64
		{C2CDA9C5-5CA1-4F9C-9F66-DAF3BB692FFD}.Debug|x86.ActiveCfg = Debug|Win32
		{C2CDA9C5-5CA1-4F9C-9F66-DAF3BB692FFD}.Debug|x86.Build.0 = Debug|Win32
		{C2CDA9C5-5CA1-4F9C-9F66-DAF3BB692FFD}.Release|x64.ActiveCfg = Release|x64
		{C2CDA9C5-5CA1-4F9C-9F66-DAF3BB692FFD}.Release|x64.Build.0 = Release|x64
		{C2CDA9C5-5CA1-4F9C-9F66-DAF3BB692FFD}.Release|x86.ActiveCfg = Release|Win32
		{C2CDA9C5-5CA1-4F9C-9F66-DAF3BB692FFD}.Release|x86.Build.0 = Release|Win32
		{21B4F2C3-A2F9-430C-8E19-02694356F6F0}.Debug|x64.ActiveCfg = Debug|x64
		{21B4F2C3-A2F9-430C-8E19-02694356F6F0}.Debug|x64.Build.0 = Debug|x64
		{21B4F2C3-A2F9-430C-8E19-02694356F6F0}.Debug|x86.ActiveCfg = Debug|Win32
		{21B4F2C3-A2F9-430C-8E19-02694356F6F0}.Debug|x86.Build.0 = Debug|Win32
		{21B4F2C3-A2F9-430C-8E19-02694356F6F0}.Release|x64.ActiveCfg = Release|x64
		{21B4F2C3-A2F9-430C-8E19-02694356F6F0}.Release|x64.Build.0 = Release|x64
		{21B4F2C3-A2F9-430C-8E19-02694356F6F0}.Release|x86.ActiveCfg = Release|Win32
		{21B4F2C3-A2F9-430C-8E19-02694356F6F0}.Release|x86.Build.0 = Release|Win32
		{16B04365-6AAC-4AC3-9812-E767099E107C}.Debug|x64.ActiveCfg = Debug|x64
		{16B04365-6AAC-4AC3-9812-E767099E107C}.Debug|x64.Build.0 = Debug|x64
		{16B04365-6AAC-4AC3-9812-E767099E107C}.Debug|x86.ActiveCfg = Debug|Win32
		{16B04365-6AAC-4AC3-9812-E767099E107C}.Debug|x86.Build.0 = Debug|Win32
		{16B04365-6AAC-4AC3-9812-E767099E107C}.Release|x64.ActiveCfg = Release|x64
		{16B04365-6AAC-4AC3-9812-E767099E107C}.Release|x64.Build.0 = Release|x64
		{16B04365-6AAC-4AC3-9812-E767099E107C}.Release|x86.ActiveCfg = Release|Win32
		{16B04365-6AAC-4AC3-9812-E767099E107C}.Release|x86.Build.0 = Release|Win32
		{F6E42715-8AC2-4306-88B0-D0BAFC57493B}.Debug|x64.ActiveCfg = Debug|x64
		{F6E42715-8AC2-4306-88B0-D0BAFC57493B}.Debug|x64.Build.0 = Debug|x64
		{F6E42715-8AC2-4306-88B0-D0BAFC57493B}.Debug|x86.ActiveCfg = Debug|Win32
		{F6E42715-8AC2-4306-88B0-D0BAFC57493B}.Debug|x86.Build.0 = Debug|Win32
		{F6E42715-8AC2-4306-88B0-D0BAFC57493B}.Release|x64.ActiveCfg = Release|x64
		{F6E42715-8AC2-4306-88B0-D0BAFC57493B}.Release|x64.Build.0 = Release|x64
		{F6E42715-8AC2-4306-88B0-D0BAFC57493B}.Release|x86.ActiveCfg = Release|Win32
		{F6E42715-8AC2-4306-88B0-D0BAFC57493B}.Release|x86.Build.0 = Release|Win32
	EndGlobalSection
	GlobalSection(SolutionProperties) = preSolution
		HideSolutionNode = FALSE
	EndGlobalSection
	GlobalSection(ExtensibilityGlobals) = postSolution
		SolutionGuid = {13E8C839-1891-493F-95FF-289BB70AEA63}
	EndGlobalSection
EndGlobal
